
Microsoft Visual Studio Solution File, Format Version 12.00
# Visual Studio Version 17
VisualStudioVersion = 17.9.34728.123
MinimumVisualStudioVersion = 10.0.40219.1
Project("{FAE04EC0-301F-11D3-BF4B-00C04F79EFBC}") = "APIGateway", "APIGateway\APIGateway.csproj", "{86909BF9-AAB5-452F-A930-7D6266E484A1}"
EndProject
Project("{2150E333-8FDC-42A3-9474-1A3956D46DE8}") = "Services", "Services", "{55B4EEDB-B430-471C-B5C6-414D32827D2E}"
EndProject
Project("{FAE04EC0-301F-11D3-BF4B-00C04F79EFBC}") = "Contact.API", "Services\ContactAPI\Contact.API\Contact.API.csproj", "{4A26DC07-5AE3-4062-A5B4-40C8DDAE3F9A}"
EndProject
Project("{FAE04EC0-301F-11D3-BF4B-00C04F79EFBC}") = "Reservation.API", "Services\ResAPI\ReservationAPI\Reservation.API.csproj", "{950C8D3B-109D-4EDE-ABFA-5EBEBCD4D47B}"
EndProject
Project("{2150E333-8FDC-42A3-9474-1A3956D46DE8}") = "ContactAPI", "ContactAPI", "{5316E6BE-50A7-4721-BC04-605476A0F56A}"
EndProject
Project("{2150E333-8FDC-42A3-9474-1A3956D46DE8}") = "ReservationAPI", "ReservationAPI", "{D091CC40-3C22-4BEE-B449-9ADFBCACC50C}"
EndProject
Project("{FAE04EC0-301F-11D3-BF4B-00C04F79EFBC}") = "Contact.API.Infrastructure", "Services\ContactAPI\Contact.API.Infrastructure\Contact.API.Infrastructure.csproj", "{96B31740-D3A6-4315-A761-877388A1FCCF}"
EndProject
Project("{FAE04EC0-301F-11D3-BF4B-00C04F79EFBC}") = "Contact.API.Models", "Services\ContactAPI\Contact.API.Models\Contact.API.Models.csproj", "{92DB37BD-BD54-43CC-922D-73C6DE893080}"
EndProject
Project("{FAE04EC0-301F-11D3-BF4B-00C04F79EFBC}") = "Contact.API.Services", "Services\ContactAPI\Contact.API.Services\Contact.API.Services.csproj", "{4EBE1D7B-C9FF-47B4-8616-0C077C56B1F8}"
EndProject
Project("{FAE04EC0-301F-11D3-BF4B-00C04F79EFBC}") = "Reservation.API.Infrastructure", "Services\ResAPI\Reservation.API.Infrastructure\Reservation.API.Infrastructure.csproj", "{CD6ED1B8-14D3-45FA-9ED5-046DBA827C5C}"
EndProject
Project("{FAE04EC0-301F-11D3-BF4B-00C04F79EFBC}") = "Reservation.API.Services", "Services\ResAPI\Reservation.API.Services\Reservation.API.Services.csproj", "{077366D9-84D1-4667-B2A4-DF93D2655F17}"
EndProject
Project("{FAE04EC0-301F-11D3-BF4B-00C04F79EFBC}") = "Reservation.API.Models", "Services\ResAPI\Reservation.API.Models\Reservation.API.Models.csproj", "{67DCA376-33D6-4517-A281-DFDC5B8A0304}"
EndProject
Global
	GlobalSection(SolutionConfigurationPlatforms) = preSolution
		Debug|Any CPU = Debug|Any CPU
		Release|Any CPU = Release|Any CPU
	EndGlobalSection
	GlobalSection(ProjectConfigurationPlatforms) = postSolution
		{86909BF9-AAB5-452F-A930-7D6266E484A1}.Debug|Any CPU.ActiveCfg = Debug|Any CPU
		{86909BF9-AAB5-452F-A930-7D6266E484A1}.Debug|Any CPU.Build.0 = Debug|Any CPU
		{86909BF9-AAB5-452F-A930-7D6266E484A1}.Release|Any CPU.ActiveCfg = Release|Any CPU
		{86909BF9-AAB5-452F-A930-7D6266E484A1}.Release|Any CPU.Build.0 = Release|Any CPU
		{4A26DC07-5AE3-4062-A5B4-40C8DDAE3F9A}.Debug|Any CPU.ActiveCfg = Debug|Any CPU
		{4A26DC07-5AE3-4062-A5B4-40C8DDAE3F9A}.Debug|Any CPU.Build.0 = Debug|Any CPU
		{4A26DC07-5AE3-4062-A5B4-40C8DDAE3F9A}.Release|Any CPU.ActiveCfg = Release|Any CPU
		{4A26DC07-5AE3-4062-A5B4-40C8DDAE3F9A}.Release|Any CPU.Build.0 = Release|Any CPU
		{950C8D3B-109D-4EDE-ABFA-5EBEBCD4D47B}.Debug|Any CPU.ActiveCfg = Debug|Any CPU
		{950C8D3B-109D-4EDE-ABFA-5EBEBCD4D47B}.Debug|Any CPU.Build.0 = Debug|Any CPU
		{950C8D3B-109D-4EDE-ABFA-5EBEBCD4D47B}.Release|Any CPU.ActiveCfg = Release|Any CPU
		{950C8D3B-109D-4EDE-ABFA-5EBEBCD4D47B}.Release|Any CPU.Build.0 = Release|Any CPU
		{96B31740-D3A6-4315-A761-877388A1FCCF}.Debug|Any CPU.ActiveCfg = Debug|Any CPU
		{96B31740-D3A6-4315-A761-877388A1FCCF}.Debug|Any CPU.Build.0 = Debug|Any CPU
		{96B31740-D3A6-4315-A761-877388A1FCCF}.Release|Any CPU.ActiveCfg = Release|Any CPU
		{96B31740-D3A6-4315-A761-877388A1FCCF}.Release|Any CPU.Build.0 = Release|Any CPU
		{92DB37BD-BD54-43CC-922D-73C6DE893080}.Debug|Any CPU.ActiveCfg = Debug|Any CPU
		{92DB37BD-BD54-43CC-922D-73C6DE893080}.Debug|Any CPU.Build.0 = Debug|Any CPU
		{92DB37BD-BD54-43CC-922D-73C6DE893080}.Release|Any CPU.ActiveCfg = Release|Any CPU
		{92DB37BD-BD54-43CC-922D-73C6DE893080}.Release|Any CPU.Build.0 = Release|Any CPU
		{4EBE1D7B-C9FF-47B4-8616-0C077C56B1F8}.Debug|Any CPU.ActiveCfg = Debug|Any CPU
		{4EBE1D7B-C9FF-47B4-8616-0C077C56B1F8}.Debug|Any CPU.Build.0 = Debug|Any CPU
		{4EBE1D7B-C9FF-47B4-8616-0C077C56B1F8}.Release|Any CPU.ActiveCfg = Release|Any CPU
		{4EBE1D7B-C9FF-47B4-8616-0C077C56B1F8}.Release|Any CPU.Build.0 = Release|Any CPU
		{CD6ED1B8-14D3-45FA-9ED5-046DBA827C5C}.Debug|Any CPU.ActiveCfg = Debug|Any CPU
		{CD6ED1B8-14D3-45FA-9ED5-046DBA827C5C}.Debug|Any CPU.Build.0 = Debug|Any CPU
		{CD6ED1B8-14D3-45FA-9ED5-046DBA827C5C}.Release|Any CPU.ActiveCfg = Release|Any CPU
		{CD6ED1B8-14D3-45FA-9ED5-046DBA827C5C}.Release|Any CPU.Build.0 = Release|Any CPU
		{077366D9-84D1-4667-B2A4-DF93D2655F17}.Debug|Any CPU.ActiveCfg = Debug|Any CPU
		{077366D9-84D1-4667-B2A4-DF93D2655F17}.Debug|Any CPU.Build.0 = Debug|Any CPU
		{077366D9-84D1-4667-B2A4-DF93D2655F17}.Release|Any CPU.ActiveCfg = Release|Any CPU
		{077366D9-84D1-4667-B2A4-DF93D2655F17}.Release|Any CPU.Build.0 = Release|Any CPU
		{67DCA376-33D6-4517-A281-DFDC5B8A0304}.Debug|Any CPU.ActiveCfg = Debug|Any CPU
		{67DCA376-33D6-4517-A281-DFDC5B8A0304}.Debug|Any CPU.Build.0 = Debug|Any CPU
		{67DCA376-33D6-4517-A281-DFDC5B8A0304}.Release|Any CPU.ActiveCfg = Release|Any CPU
		{67DCA376-33D6-4517-A281-DFDC5B8A0304}.Release|Any CPU.Build.0 = Release|Any CPU
	EndGlobalSection
	GlobalSection(SolutionProperties) = preSolution
		HideSolutionNode = FALSE
	EndGlobalSection
	GlobalSection(NestedProjects) = preSolution
		{4A26DC07-5AE3-4062-A5B4-40C8DDAE3F9A} = {5316E6BE-50A7-4721-BC04-605476A0F56A}
		{950C8D3B-109D-4EDE-ABFA-5EBEBCD4D47B} = {D091CC40-3C22-4BEE-B449-9ADFBCACC50C}
		{5316E6BE-50A7-4721-BC04-605476A0F56A} = {55B4EEDB-B430-471C-B5C6-414D32827D2E}
		{D091CC40-3C22-4BEE-B449-9ADFBCACC50C} = {55B4EEDB-B430-471C-B5C6-414D32827D2E}
		{96B31740-D3A6-4315-A761-877388A1FCCF} = {5316E6BE-50A7-4721-BC04-605476A0F56A}
		{92DB37BD-BD54-43CC-922D-73C6DE893080} = {5316E6BE-50A7-4721-BC04-605476A0F56A}
		{4EBE1D7B-C9FF-47B4-8616-0C077C56B1F8} = {5316E6BE-50A7-4721-BC04-605476A0F56A}
		{CD6ED1B8-14D3-45FA-9ED5-046DBA827C5C} = {D091CC40-3C22-4BEE-B449-9ADFBCACC50C}
		{077366D9-84D1-4667-B2A4-DF93D2655F17} = {D091CC40-3C22-4BEE-B449-9ADFBCACC50C}
		{67DCA376-33D6-4517-A281-DFDC5B8A0304} = {D091CC40-3C22-4BEE-B449-9ADFBCACC50C}
	EndGlobalSection
	GlobalSection(ExtensibilityGlobals) = postSolution
		SolutionGuid = {0DE18682-BAAF-4AA8-A8F6-F563B8F81EF7}
	EndGlobalSection
EndGlobal
